
Microsoft Visual Studio Solution File, Format Version 12.00
# Visual Studio Version 17
VisualStudioVersion = 17.10.35013.160
MinimumVisualStudioVersion = 10.0.40219.1
Project("{9A19103F-16F7-4668-BE54-9A1E7A4F7556}") = "DAL", "DAL\DAL.csproj", "{0B0A44E4-63C6-49E7-A3D0-BEAF35AB511B}"
EndProject
Project("{9A19103F-16F7-4668-BE54-9A1E7A4F7556}") = "Entities", "Entities\Entities.csproj", "{733B47A8-A0E3-4915-8290-BF8841BA052F}"
EndProject
Project("{9A19103F-16F7-4668-BE54-9A1E7A4F7556}") = "ConsoleAppTestDAL", "ConsoleAppTestDAL\ConsoleAppTestDAL.csproj", "{195FF409-2799-45FA-A898-6FBCFFCAED05}"
EndProject
Project("{FAE04EC0-301F-11D3-BF4B-00C04F79EFBC}") = "BLL", "BLL\BLL.csproj", "{E0707586-658A-4500-BBF3-B6568B337807}"
EndProject
Global
	GlobalSection(SolutionConfigurationPlatforms) = preSolution
		Debug|Any CPU = Debug|Any CPU
		Release|Any CPU = Release|Any CPU
	EndGlobalSection
	GlobalSection(ProjectConfigurationPlatforms) = postSolution
		{0B0A44E4-63C6-49E7-A3D0-BEAF35AB511B}.Debug|Any CPU.ActiveCfg = Debug|Any CPU
		{0B0A44E4-63C6-49E7-A3D0-BEAF35AB511B}.Debug|Any CPU.Build.0 = Debug|Any CPU
		{0B0A44E4-63C6-49E7-A3D0-BEAF35AB511B}.Release|Any CPU.ActiveCfg = Release|Any CPU
		{0B0A44E4-63C6-49E7-A3D0-BEAF35AB511B}.Release|Any CPU.Build.0 = Release|Any CPU
		{733B47A8-A0E3-4915-8290-BF8841BA052F}.Debug|Any CPU.ActiveCfg = Debug|Any CPU
		{733B47A8-A0E3-4915-8290-BF8841BA052F}.Debug|Any CPU.Build.0 = Debug|Any CPU
		{733B47A8-A0E3-4915-8290-BF8841BA052F}.Release|Any CPU.ActiveCfg = Release|Any CPU
		{733B47A8-A0E3-4915-8290-BF8841BA052F}.Release|Any CPU.Build.0 = Release|Any CPU
		{195FF409-2799-45FA-A898-6FBCFFCAED05}.Debug|Any CPU.ActiveCfg = Debug|Any CPU
		{195FF409-2799-45FA-A898-6FBCFFCAED05}.Debug|Any CPU.Build.0 = Debug|Any CPU
		{195FF409-2799-45FA-A898-6FBCFFCAED05}.Release|Any CPU.ActiveCfg = Release|Any CPU
		{195FF409-2799-45FA-A898-6FBCFFCAED05}.Release|Any CPU.Build.0 = Release|Any CPU
		{E0707586-658A-4500-BBF3-B6568B337807}.Debug|Any CPU.ActiveCfg = Debug|Any CPU
		{E0707586-658A-4500-BBF3-B6568B337807}.Debug|Any CPU.Build.0 = Debug|Any CPU
		{E0707586-658A-4500-BBF3-B6568B337807}.Release|Any CPU.ActiveCfg = Release|Any CPU
		{E0707586-658A-4500-BBF3-B6568B337807}.Release|Any CPU.Build.0 = Release|Any CPU
	EndGlobalSection
	GlobalSection(SolutionProperties) = preSolution
		HideSolutionNode = FALSE
	EndGlobalSection
	GlobalSection(ExtensibilityGlobals) = postSolution
		SolutionGuid = {41D76CEE-A43A-47CE-ADD5-FA4F9DA42CF9}
	EndGlobalSection
EndGlobal
